
Microsoft Visual Studio Solution File, Format Version 12.00
# Visual Studio 15
VisualStudioVersion = 15.0.28307.102
MinimumVisualStudioVersion = 10.0.40219.1
Project("{FAE04EC0-301F-11D3-BF4B-00C04F79EFBC}") = "bridge-c-sharp-plugin", "bridge-c-sharp-plugin\bridge-c-sharp-plugin.csproj", "{138D1CF0-7D04-40DB-99B8-79267B559702}"
EndProject
Global
	GlobalSection(SolutionConfigurationPlatforms) = preSolution
		Debug|Any CPU = Debug|Any CPU
		Release|Any CPU = Release|Any CPU
	EndGlobalSection
	GlobalSection(ProjectConfigurationPlatforms) = postSolution
		{138D1CF0-7D04-40DB-99B8-79267B559702}.Debug|Any CPU.ActiveCfg = Debug|Any CPU
		{138D1CF0-7D04-40DB-99B8-79267B559702}.Debug|Any CPU.Build.0 = Debug|Any CPU
		{138D1CF0-7D04-40DB-99B8-79267B559702}.Release|Any CPU.ActiveCfg = Release|Any CPU
		{138D1CF0-7D04-40DB-99B8-79267B559702}.Release|Any CPU.Build.0 = Release|Any CPU
	EndGlobalSection
	GlobalSection(SolutionProperties) = preSolution
		HideSolutionNode = FALSE
	EndGlobalSection
	GlobalSection(ExtensibilityGlobals) = postSolution
		SolutionGuid = {70F07CFB-87E1-4553-9B68-DD32EDA0AED1}
	EndGlobalSection
EndGlobal
